
Microsoft Visual Studio Solution File, Format Version 12.00
# Visual Studio Version 16
VisualStudioVersion = 16.0.28711.60
MinimumVisualStudioVersion = 10.0.40219.1
Project("{9A19103F-16F7-4668-BE54-9A1E7A4F7556}") = "Training.UrlShortner.Functions", "Training.UrlShortner.Functions\Training.UrlShortner.Functions.csproj", "{6E98BFA6-561D-4E25-BF35-1175813069D7}"
EndProject
Project("{151D2E53-A2C4-4D7D-83FE-D05416EBD58E}") = "Training.UrlShortner.Deployment", "Training.UrlShortner.Deployment\Training.UrlShortner.Deployment.deployproj", "{05BC1344-107C-4544-BC88-F77FBFFA65E0}"
EndProject
Global
	GlobalSection(SolutionConfigurationPlatforms) = preSolution
		Debug|Any CPU = Debug|Any CPU
		Release|Any CPU = Release|Any CPU
	EndGlobalSection
	GlobalSection(ProjectConfigurationPlatforms) = postSolution
		{6E98BFA6-561D-4E25-BF35-1175813069D7}.Debug|Any CPU.ActiveCfg = Debug|Any CPU
		{6E98BFA6-561D-4E25-BF35-1175813069D7}.Debug|Any CPU.Build.0 = Debug|Any CPU
		{6E98BFA6-561D-4E25-BF35-1175813069D7}.Release|Any CPU.ActiveCfg = Release|Any CPU
		{6E98BFA6-561D-4E25-BF35-1175813069D7}.Release|Any CPU.Build.0 = Release|Any CPU
		{05BC1344-107C-4544-BC88-F77FBFFA65E0}.Debug|Any CPU.ActiveCfg = Debug|Any CPU
		{05BC1344-107C-4544-BC88-F77FBFFA65E0}.Debug|Any CPU.Build.0 = Debug|Any CPU
		{05BC1344-107C-4544-BC88-F77FBFFA65E0}.Release|Any CPU.ActiveCfg = Release|Any CPU
		{05BC1344-107C-4544-BC88-F77FBFFA65E0}.Release|Any CPU.Build.0 = Release|Any CPU
	EndGlobalSection
	GlobalSection(SolutionProperties) = preSolution
		HideSolutionNode = FALSE
	EndGlobalSection
	GlobalSection(ExtensibilityGlobals) = postSolution
		SolutionGuid = {E1F6C4F5-261D-4747-9399-3527E2EBE00B}
	EndGlobalSection
EndGlobal
